# This file is automatically @generated by Poetry and SHOULD NOT be changed by hand.
# Tool: Poetry 1.7.x
# Project: mythos-core
# Status: no third-party dependencies locked
# NOTE: content-hash depends on pyproject.toml; placeholder used here. I cannot verify this.

package = []

[metadata]
lock-version = "2.0"
python-versions = ">=3.10,<3.13"
content-hash = "sha256:0000000000000000000000000000000000000000000000000000000000000000"

[metadata.files]
# No files because there are no third-party packages to lock.

# Optional dependency groups (empty)
[metadata.group]
default = []
dev = []
test = []
docs = []
