# This file is automatically generated by Poetry and SHOULD NOT be edited by hand.
# STATUS: UNVERIFIED PLACEHOLDER — regenerate with `poetry lock` for a real project.
# REASON: A valid poetry.lock requires the actual pyproject.toml and environment to compute
#         resolved versions, file hashes, and the content-hash. This placeholder carries no packages.

package = []

[metadata]
lock-version = "2.0"
python-versions = ">=3.11,<3.13"
# The content-hash is a digest of the dependency graph derived from pyproject.toml.
# It MUST be produced by Poetry; do not set it manually.
content-hash = "UNVERIFIED_PLACEHOLDER_REGENERATE_WITH_POETRY"
