# =================================================================================================
# WARNING (INDUSTRIAL TEMPLATE):
# Этот файл — промышленный шаблон poetry.lock для проекта "omnimind-core".
# Его содержимое НЕ ЯВЛЯЕТСЯ достоверным lock. Он не содержит реальных хэшей и пакетов.
# Poetry ДОЛЖЕН перегенерировать его на вашей машине из вашего pyproject.toml.
# Пока не выполнена генерация, НЕЛЬЗЯ полагаться на версии/хэши и воспроизводимость.
# ВЕСЬ ФАЙЛ НЕВЕРИФИЦИРОВАН. I cannot verify this.
# Формат соответствует Poetry lock v2.0 (TOML).
# =================================================================================================

[metadata]
lock-version = "2.0"
python-versions = ">=3.11,<3.13"
# content-hash — это хэш содержимого pyproject.toml (определяет актуальность lock).
# Здесь используется заполнитель. Poetry вычислит корректное значение.
content-hash = "<TO_BE_GENERATED_BY_POETRY>"

# ---------------------------------------------------------------------------------
# Разделы пакетов будут заполнены Poetry в виде массива таблиц [[package]].
# Ниже оставлены пустые конструкции и примеры ключей как подсказка структуры.
# ---------------------------------------------------------------------------------

# Пример структуры (ЗАПОЛНИТСЯ АВТОМАТИЧЕСКИ ПОЭЗИЕЙ):
# [[package]]
# name = "fastapi"
# version = "0.112.0"
# description = "..."
# optional = false
# python-versions = ">=3.8"
#
# [package.dependencies]
# pydantic = ">=2.7"
# starlette = ">=0.37"
#
# [package.extras]
# all = ["uvicorn", "httpx"]
#
# (Poetry добавит сюда столько [[package]], сколько потребуется по графу зависимостей.)

# Пустой список пакетов до генерации:
# (оставлено намеренно; заполнится автоматически)
# [[package]]

# ---------------------------------------------------------------------------------
# Раздел с файлами и хэшами каждого пакета (PEP 627-compatible) добавляется Poetry.
# ---------------------------------------------------------------------------------
[metadata.files]
# Пример (будет перезаписано Poetry):
# fastapi = [
#   {file = "fastapi-0.112.0-py3-none-any.whl", hash = "sha256:<...>"},
#   {file = "fastapi-0.112.0.tar.gz",            hash = "sha256:<...>"},
# ]
